// !$*UTF8*$!
{
	archiveVersion = 1;
	classes = {
	};
	objectVersion = 56;
	objects = {

/* Begin PBXBuildFile section */
		BB0000000000000000000001 /* GPXPointViewerApp.swift in Sources */ = {isa = PBXBuildFile; fileRef = AA0000000000000000000001 /* GPXPointViewerApp.swift */; };
		BB0000000000000000000002 /* ContentView.swift in Sources */ = {isa = PBXBuildFile; fileRef = AA0000000000000000000002 /* ContentView.swift */; };
		BB0000000000000000000003 /* TrackStore.swift in Sources */ = {isa = PBXBuildFile; fileRef = AA0000000000000000000003 /* TrackStore.swift */; };
		BB0000000000000000000004 /* TrackData.swift in Sources */ = {isa = PBXBuildFile; fileRef = AA0000000000000000000004 /* TrackData.swift */; };
		BB0000000000000000000005 /* GPXParser.swift in Sources */ = {isa = PBXBuildFile; fileRef = AA0000000000000000000005 /* GPXParser.swift */; };
		BB0000000000000000000006 /* GeoCompute.swift in Sources */ = {isa = PBXBuildFile; fileRef = AA0000000000000000000006 /* GeoCompute.swift */; };
		BB0000000000000000000007 /* Colormaps.swift in Sources */ = {isa = PBXBuildFile; fileRef = AA0000000000000000000007 /* Colormaps.swift */; };
		BB0000000000000000000008 /* MetalPointRenderer.swift in Sources */ = {isa = PBXBuildFile; fileRef = AA0000000000000000000008 /* MetalPointRenderer.swift */; };
		BB0000000000000000000009 /* PointMapView.swift in Sources */ = {isa = PBXBuildFile; fileRef = AA0000000000000000000009 /* PointMapView.swift */; };
		BB000000000000000000000A /* StressTest.swift in Sources */ = {isa = PBXBuildFile; fileRef = AA000000000000000000000A /* StressTest.swift */; };
		BB000000000000000000000B /* Shaders.metal in Sources */ = {isa = PBXBuildFile; fileRef = AA000000000000000000000B /* Shaders.metal */; };
		BB000000000000000000000C /* Assets.xcassets in Resources */ = {isa = PBXBuildFile; fileRef = AA000000000000000000000D /* Assets.xcassets */; };
		BB000000000000000000000D /* GPXWriter.swift in Sources */ = {isa = PBXBuildFile; fileRef = AA000000000000000000000E /* GPXWriter.swift */; };
		BB000000000000000000000E /* ExportSheet.swift in Sources */ = {isa = PBXBuildFile; fileRef = AA000000000000000000000F /* ExportSheet.swift */; };
		BB000000000000000000000F /* earth_texture.png in Resources */ = {isa = PBXBuildFile; fileRef = AA0000000000000000000010 /* earth_texture.png */; };
		BB0000000000000000000010 /* earth_texture_light.png in Resources */ = {isa = PBXBuildFile; fileRef = AA0000000000000000000011 /* earth_texture_light.png */; };
		BB0000000000000000000011 /* moon_texture.png in Resources */ = {isa = PBXBuildFile; fileRef = AA0000000000000000000012 /* moon_texture.png */; };
		BB0000000000000000000012 /* PixelGlobe.swift in Sources */ = {isa = PBXBuildFile; fileRef = AA0000000000000000000013 /* PixelGlobe.swift */; };
		BB0000000000000000000013 /* land_mask.bin in Resources */ = {isa = PBXBuildFile; fileRef = AA0000000000000000000014 /* land_mask.bin */; };
		BB0000000000000000000020 /* PreviewViewController.swift in Sources */ = {isa = PBXBuildFile; fileRef = AA0000000000000000000020 /* PreviewViewController.swift */; };
		BB0000000000000000000021 /* GPXParser.swift in Sources */ = {isa = PBXBuildFile; fileRef = AA0000000000000000000005 /* GPXParser.swift */; };
		BB0000000000000000000022 /* GeoCompute.swift in Sources */ = {isa = PBXBuildFile; fileRef = AA0000000000000000000006 /* GeoCompute.swift */; };
		BB0000000000000000000023 /* GPXQuickLook.appex in Embed Foundation Extensions */ = {isa = PBXBuildFile; fileRef = AA0000000000000000000065 /* GPXQuickLook.appex */; settings = {ATTRIBUTES = (RemoveHeadersOnCopy, ); }; };
/* End PBXBuildFile section */

/* Begin PBXFileReference section */
		AA0000000000000000000001 /* GPXPointViewerApp.swift */ = {isa = PBXFileReference; lastKnownFileType = sourcecode.swift; path = GPXPointViewerApp.swift; sourceTree = "<group>"; };
		AA0000000000000000000002 /* ContentView.swift */ = {isa = PBXFileReference; lastKnownFileType = sourcecode.swift; path = ContentView.swift; sourceTree = "<group>"; };
		AA0000000000000000000003 /* TrackStore.swift */ = {isa = PBXFileReference; lastKnownFileType = sourcecode.swift; path = TrackStore.swift; sourceTree = "<group>"; };
		AA0000000000000000000004 /* TrackData.swift */ = {isa = PBXFileReference; lastKnownFileType = sourcecode.swift; path = TrackData.swift; sourceTree = "<group>"; };
		AA0000000000000000000005 /* GPXParser.swift */ = {isa = PBXFileReference; lastKnownFileType = sourcecode.swift; path = GPXParser.swift; sourceTree = "<group>"; };
		AA0000000000000000000006 /* GeoCompute.swift */ = {isa = PBXFileReference; lastKnownFileType = sourcecode.swift; path = GeoCompute.swift; sourceTree = "<group>"; };
		AA0000000000000000000007 /* Colormaps.swift */ = {isa = PBXFileReference; lastKnownFileType = sourcecode.swift; path = Colormaps.swift; sourceTree = "<group>"; };
		AA0000000000000000000008 /* MetalPointRenderer.swift */ = {isa = PBXFileReference; lastKnownFileType = sourcecode.swift; path = MetalPointRenderer.swift; sourceTree = "<group>"; };
		AA0000000000000000000009 /* PointMapView.swift */ = {isa = PBXFileReference; lastKnownFileType = sourcecode.swift; path = PointMapView.swift; sourceTree = "<group>"; };
		AA000000000000000000000A /* StressTest.swift */ = {isa = PBXFileReference; lastKnownFileType = sourcecode.swift; path = StressTest.swift; sourceTree = "<group>"; };
		AA000000000000000000000B /* Shaders.metal */ = {isa = PBXFileReference; lastKnownFileType = sourcecode.metal; path = Shaders.metal; sourceTree = "<group>"; };
		AA000000000000000000000C /* GPXPointViewer.entitlements */ = {isa = PBXFileReference; lastKnownFileType = text.plist.entitlements; path = GPXPointViewer.entitlements; sourceTree = "<group>"; };
		AA000000000000000000000D /* Assets.xcassets */ = {isa = PBXFileReference; lastKnownFileType = folder.assetcatalog; path = Assets.xcassets; sourceTree = "<group>"; };
		AA000000000000000000000E /* GPXWriter.swift */ = {isa = PBXFileReference; lastKnownFileType = sourcecode.swift; path = GPXWriter.swift; sourceTree = "<group>"; };
		AA000000000000000000000F /* ExportSheet.swift */ = {isa = PBXFileReference; lastKnownFileType = sourcecode.swift; path = ExportSheet.swift; sourceTree = "<group>"; };
		AA0000000000000000000010 /* earth_texture.png */ = {isa = PBXFileReference; lastKnownFileType = image.png; path = earth_texture.png; sourceTree = "<group>"; };
		AA0000000000000000000011 /* earth_texture_light.png */ = {isa = PBXFileReference; lastKnownFileType = image.png; path = earth_texture_light.png; sourceTree = "<group>"; };
		AA0000000000000000000012 /* moon_texture.png */ = {isa = PBXFileReference; lastKnownFileType = image.png; path = moon_texture.png; sourceTree = "<group>"; };
		AA0000000000000000000013 /* PixelGlobe.swift */ = {isa = PBXFileReference; lastKnownFileType = sourcecode.swift; path = PixelGlobe.swift; sourceTree = "<group>"; };
		AA0000000000000000000014 /* land_mask.bin */ = {isa = PBXFileReference; lastKnownFileType = file; path = land_mask.bin; sourceTree = "<group>"; };
		AA0000000000000000000064 /* GPXPointViewer.app */ = {isa = PBXFileReference; explicitFileType = wrapper.application; includeInIndex = 0; path = GPXPointViewer.app; sourceTree = BUILT_PRODUCTS_DIR; };
		AA0000000000000000000020 /* PreviewViewController.swift */ = {isa = PBXFileReference; lastKnownFileType = sourcecode.swift; path = PreviewViewController.swift; sourceTree = "<group>"; };
		AA0000000000000000000021 /* Info.plist */ = {isa = PBXFileReference; lastKnownFileType = text.plist.xml; path = Info.plist; sourceTree = "<group>"; };
		AA0000000000000000000022 /* GPXQuickLook.entitlements */ = {isa = PBXFileReference; lastKnownFileType = text.plist.entitlements; path = GPXQuickLook.entitlements; sourceTree = "<group>"; };
		AA0000000000000000000023 /* Info.plist */ = {isa = PBXFileReference; lastKnownFileType = text.plist.xml; path = Info.plist; sourceTree = "<group>"; };
		AA0000000000000000000065 /* GPXQuickLook.appex */ = {isa = PBXFileReference; explicitFileType = "wrapper.app-extension"; includeInIndex = 0; path = GPXQuickLook.appex; sourceTree = BUILT_PRODUCTS_DIR; };
/* End PBXFileReference section */

/* Begin PBXFrameworksBuildPhase section */
		DD0000000000000000000002 /* Frameworks */ = {
			isa = PBXFrameworksBuildPhase;
			buildActionMask = 2147483647;
			files = (
			);
			runOnlyForDeploymentPostprocessing = 0;
		};
		DD0000000000000000000005 /* Frameworks */ = {
			isa = PBXFrameworksBuildPhase;
			buildActionMask = 2147483647;
			files = (
			);
			runOnlyForDeploymentPostprocessing = 0;
		};
/* End PBXFrameworksBuildPhase section */

/* Begin PBXCopyFilesBuildPhase section */
		DD0000000000000000000007 /* Embed Foundation Extensions */ = {
			isa = PBXCopyFilesBuildPhase;
			buildActionMask = 2147483647;
			dstPath = "";
			dstSubfolderSpec = 13;
			files = (
				BB0000000000000000000023 /* GPXQuickLook.appex in Embed Foundation Extensions */,
			);
			name = "Embed Foundation Extensions";
			runOnlyForDeploymentPostprocessing = 0;
		};
/* End PBXCopyFilesBuildPhase section */

/* Begin PBXGroup section */
		CC0000000000000000000001 = {
			isa = PBXGroup;
			children = (
				CC0000000000000000000002 /* GPXPointViewer */,
				CC0000000000000000000004 /* GPXQuickLook */,
				CC0000000000000000000003 /* Products */,
			);
			sourceTree = "<group>";
		};
		CC0000000000000000000002 /* GPXPointViewer */ = {
			isa = PBXGroup;
			children = (
				AA0000000000000000000001 /* GPXPointViewerApp.swift */,
				AA0000000000000000000002 /* ContentView.swift */,
				AA0000000000000000000003 /* TrackStore.swift */,
				AA0000000000000000000004 /* TrackData.swift */,
				AA0000000000000000000005 /* GPXParser.swift */,
				AA0000000000000000000006 /* GeoCompute.swift */,
				AA0000000000000000000007 /* Colormaps.swift */,
				AA0000000000000000000008 /* MetalPointRenderer.swift */,
				AA0000000000000000000009 /* PointMapView.swift */,
				AA000000000000000000000A /* StressTest.swift */,
				AA000000000000000000000E /* GPXWriter.swift */,
				AA000000000000000000000F /* ExportSheet.swift */,
				AA000000000000000000000B /* Shaders.metal */,
				AA000000000000000000000C /* GPXPointViewer.entitlements */,
				AA000000000000000000000D /* Assets.xcassets */,
				AA0000000000000000000010 /* earth_texture.png */,
				AA0000000000000000000011 /* earth_texture_light.png */,
				AA0000000000000000000012 /* moon_texture.png */,
				AA0000000000000000000013 /* PixelGlobe.swift */,
				AA0000000000000000000014 /* land_mask.bin */,
				AA0000000000000000000023 /* Info.plist */,
			);
			path = GPXPointViewer;
			sourceTree = "<group>";
		};
		CC0000000000000000000003 /* Products */ = {
			isa = PBXGroup;
			children = (
				AA0000000000000000000064 /* GPXPointViewer.app */,
				AA0000000000000000000065 /* GPXQuickLook.appex */,
			);
			name = Products;
			sourceTree = "<group>";
		};
		CC0000000000000000000004 /* GPXQuickLook */ = {
			isa = PBXGroup;
			children = (
				AA0000000000000000000020 /* PreviewViewController.swift */,
				AA0000000000000000000021 /* Info.plist */,
				AA0000000000000000000022 /* GPXQuickLook.entitlements */,
			);
			path = GPXQuickLook;
			sourceTree = "<group>";
		};
/* End PBXGroup section */

/* Begin PBXNativeTarget section */
		EE0000000000000000000001 /* GPXPointViewer */ = {
			isa = PBXNativeTarget;
			buildConfigurationList = EE0000000000000000000004 /* Build configuration list for PBXNativeTarget "GPXPointViewer" */;
			buildPhases = (
				DD0000000000000000000001 /* Sources */,
				DD0000000000000000000002 /* Frameworks */,
				DD0000000000000000000003 /* Resources */,
				DD0000000000000000000007 /* Embed Foundation Extensions */,
			);
			buildRules = (
			);
			dependencies = (
				GG0000000000000000000001 /* PBXTargetDependency */,
			);
			name = GPXPointViewer;
			productName = GPXPointViewer;
			productReference = AA0000000000000000000064 /* GPXPointViewer.app */;
			productType = "com.apple.product-type.application";
		};
		EE0000000000000000000005 /* GPXQuickLook */ = {
			isa = PBXNativeTarget;
			buildConfigurationList = EE0000000000000000000006 /* Build configuration list for PBXNativeTarget "GPXQuickLook" */;
			buildPhases = (
				DD0000000000000000000004 /* Sources */,
				DD0000000000000000000005 /* Frameworks */,
				DD0000000000000000000006 /* Resources */,
			);
			buildRules = (
			);
			dependencies = (
			);
			name = GPXQuickLook;
			productName = GPXQuickLook;
			productReference = AA0000000000000000000065 /* GPXQuickLook.appex */;
			productType = "com.apple.product-type.app-extension";
		};
/* End PBXNativeTarget section */

/* Begin PBXProject section */
		EE0000000000000000000002 /* Project object */ = {
			isa = PBXProject;
			attributes = {
				BuildIndependentTargetsInParallel = 1;
				LastSwiftUpdateCheck = 1600;
				LastUpgradeCheck = 1600;
				TargetAttributes = {
					EE0000000000000000000001 = {
						CreatedOnToolsVersion = 16.0;
					};
					EE0000000000000000000005 = {
						CreatedOnToolsVersion = 16.0;
					};
				};
			};
			buildConfigurationList = EE0000000000000000000003 /* Build configuration list for PBXProject "GPXPointViewer" */;
			compatibilityVersion = "Xcode 14.0";
			developmentRegion = en;
			hasScannedForEncodings = 0;
			knownRegions = (
				en,
				Base,
			);
			mainGroup = CC0000000000000000000001;
			productRefGroup = CC0000000000000000000003 /* Products */;
			projectDirPath = "";
			projectRoot = "";
			targets = (
				EE0000000000000000000001 /* GPXPointViewer */,
				EE0000000000000000000005 /* GPXQuickLook */,
			);
		};
/* End PBXProject section */

/* Begin PBXResourcesBuildPhase section */
		DD0000000000000000000003 /* Resources */ = {
			isa = PBXResourcesBuildPhase;
			buildActionMask = 2147483647;
			files = (
				BB000000000000000000000C /* Assets.xcassets in Resources */,
				BB000000000000000000000F /* earth_texture.png in Resources */,
				BB0000000000000000000010 /* earth_texture_light.png in Resources */,
				BB0000000000000000000011 /* moon_texture.png in Resources */,
				BB0000000000000000000013 /* land_mask.bin in Resources */,
			);
			runOnlyForDeploymentPostprocessing = 0;
		};
		DD0000000000000000000006 /* Resources */ = {
			isa = PBXResourcesBuildPhase;
			buildActionMask = 2147483647;
			files = (
			);
			runOnlyForDeploymentPostprocessing = 0;
		};
/* End PBXResourcesBuildPhase section */

/* Begin PBXSourcesBuildPhase section */
		DD0000000000000000000001 /* Sources */ = {
			isa = PBXSourcesBuildPhase;
			buildActionMask = 2147483647;
			files = (
				BB0000000000000000000001 /* GPXPointViewerApp.swift in Sources */,
				BB0000000000000000000002 /* ContentView.swift in Sources */,
				BB0000000000000000000003 /* TrackStore.swift in Sources */,
				BB0000000000000000000004 /* TrackData.swift in Sources */,
				BB0000000000000000000005 /* GPXParser.swift in Sources */,
				BB0000000000000000000006 /* GeoCompute.swift in Sources */,
				BB0000000000000000000007 /* Colormaps.swift in Sources */,
				BB0000000000000000000008 /* MetalPointRenderer.swift in Sources */,
				BB0000000000000000000009 /* PointMapView.swift in Sources */,
				BB000000000000000000000A /* StressTest.swift in Sources */,
				BB000000000000000000000D /* GPXWriter.swift in Sources */,
				BB000000000000000000000E /* ExportSheet.swift in Sources */,
				BB000000000000000000000B /* Shaders.metal in Sources */,
				BB0000000000000000000012 /* PixelGlobe.swift in Sources */,
			);
			runOnlyForDeploymentPostprocessing = 0;
		};
		DD0000000000000000000004 /* Sources */ = {
			isa = PBXSourcesBuildPhase;
			buildActionMask = 2147483647;
			files = (
				BB0000000000000000000020 /* PreviewViewController.swift in Sources */,
				BB0000000000000000000021 /* GPXParser.swift in Sources */,
				BB0000000000000000000022 /* GeoCompute.swift in Sources */,
			);
			runOnlyForDeploymentPostprocessing = 0;
		};
/* End PBXSourcesBuildPhase section */

/* Begin PBXTargetDependency section */
		GG0000000000000000000001 /* PBXTargetDependency */ = {
			isa = PBXTargetDependency;
			target = EE0000000000000000000005 /* GPXQuickLook */;
			targetProxy = GG0000000000000000000002 /* PBXContainerItemProxy */;
		};
/* End PBXTargetDependency section */

/* Begin PBXContainerItemProxy section */
		GG0000000000000000000002 /* PBXContainerItemProxy */ = {
			isa = PBXContainerItemProxy;
			containerPortal = EE0000000000000000000002 /* Project object */;
			proxyType = 1;
			remoteGlobalIDString = EE0000000000000000000005;
			remoteInfo = GPXQuickLook;
		};
/* End PBXContainerItemProxy section */

/* Begin XCBuildConfiguration section */
		FF0000000000000000000001 /* Debug */ = {
			isa = XCBuildConfiguration;
			buildSettings = {
				ALWAYS_SEARCH_USER_PATHS = NO;
				CLANG_ANALYZER_NONNULL = YES;
				CLANG_ANALYZER_NUMBER_OBJECT_CONVERSION = YES_AGGRESSIVE;
				CLANG_CXX_LANGUAGE_STANDARD = "gnu++20";
				CLANG_ENABLE_MODULES = YES;
				CLANG_ENABLE_OBJC_ARC = YES;
				CLANG_ENABLE_OBJC_WEAK = YES;
				CLANG_WARN_BLOCK_CAPTURE_AUTORELEASING = YES;
				CLANG_WARN_BOOL_CONVERSION = YES;
				CLANG_WARN_COMMA = YES;
				CLANG_WARN_CONSTANT_CONVERSION = YES;
				CLANG_WARN_DEPRECATED_OBJC_IMPLEMENTATIONS = YES;
				CLANG_WARN_DIRECT_OBJC_ISA_USAGE = YES_ERROR;
				CLANG_WARN_DOCUMENTATION_COMMENTS = YES;
				CLANG_WARN_EMPTY_BODY = YES;
				CLANG_WARN_ENUM_CONVERSION = YES;
				CLANG_WARN_INFINITE_RECURSION = YES;
				CLANG_WARN_INT_CONVERSION = YES;
				CLANG_WARN_NON_LITERAL_NULL_CONVERSION = YES;
				CLANG_WARN_OBJC_IMPLICIT_RETAIN_SELF = YES;
				CLANG_WARN_OBJC_LITERAL_CONVERSION = YES;
				CLANG_WARN_OBJC_ROOT_CLASS = YES_ERROR;
				CLANG_WARN_QUOTED_INCLUDE_IN_FRAMEWORK_HEADER = YES;
				CLANG_WARN_RANGE_LOOP_ANALYSIS = YES;
				CLANG_WARN_STRICT_PROTOTYPES = YES;
				CLANG_WARN_SUSPICIOUS_MOVE = YES;
				CLANG_WARN_UNGUARDED_AVAILABILITY = YES_AGGRESSIVE;
				CLANG_WARN_UNREACHABLE_CODE = YES;
				CLANG_WARN__DUPLICATE_METHOD_MATCH = YES;
				COPY_PHASE_STRIP = NO;
				DEBUG_INFORMATION_FORMAT = dwarf;
				ENABLE_STRICT_OBJC_MSGSEND = YES;
				ENABLE_TESTABILITY = YES;
				ENABLE_USER_SCRIPT_SANDBOXING = YES;
				GCC_C_LANGUAGE_STANDARD = gnu17;
				GCC_DYNAMIC_NO_PIC = NO;
				GCC_NO_COMMON_BLOCKS = YES;
				GCC_OPTIMIZATION_LEVEL = 0;
				GCC_PREPROCESSOR_DEFINITIONS = (
					"DEBUG=1",
					"$(inherited)",
				);
				GCC_WARN_64_TO_32_BIT_CONVERSION = YES;
				GCC_WARN_ABOUT_RETURN_TYPE = YES_ERROR;
				GCC_WARN_UNDECLARED_SELECTOR = YES;
				GCC_WARN_UNINITIALIZED_AUTOS = YES_AGGRESSIVE;
				GCC_WARN_UNUSED_FUNCTION = YES;
				GCC_WARN_UNUSED_VARIABLE = YES;
				LOCALIZATION_PREFERS_STRING_CATALOGS = YES;
				MACOSX_DEPLOYMENT_TARGET = 14.0;
				MTL_ENABLE_DEBUG_INFO = INCLUDE_SOURCE;
				MTL_FAST_MATH = YES;
				ONLY_ACTIVE_ARCH = YES;
				SDKROOT = macosx;
				SWIFT_ACTIVE_COMPILATION_CONDITIONS = "DEBUG $(inherited)";
				SWIFT_OPTIMIZATION_LEVEL = "-O";
			};
			name = Debug;
		};
		FF0000000000000000000002 /* Release */ = {
			isa = XCBuildConfiguration;
			buildSettings = {
				ALWAYS_SEARCH_USER_PATHS = NO;
				CLANG_ANALYZER_NONNULL = YES;
				CLANG_ANALYZER_NUMBER_OBJECT_CONVERSION = YES_AGGRESSIVE;
				CLANG_CXX_LANGUAGE_STANDARD = "gnu++20";
				CLANG_ENABLE_MODULES = YES;
				CLANG_ENABLE_OBJC_ARC = YES;
				CLANG_ENABLE_OBJC_WEAK = YES;
				CLANG_WARN_BLOCK_CAPTURE_AUTORELEASING = YES;
				CLANG_WARN_BOOL_CONVERSION = YES;
				CLANG_WARN_COMMA = YES;
				CLANG_WARN_CONSTANT_CONVERSION = YES;
				CLANG_WARN_DEPRECATED_OBJC_IMPLEMENTATIONS = YES;
				CLANG_WARN_DIRECT_OBJC_ISA_USAGE = YES_ERROR;
				CLANG_WARN_DOCUMENTATION_COMMENTS = YES;
				CLANG_WARN_EMPTY_BODY = YES;
				CLANG_WARN_ENUM_CONVERSION = YES;
				CLANG_WARN_INFINITE_RECURSION = YES;
				CLANG_WARN_INT_CONVERSION = YES;
				CLANG_WARN_NON_LITERAL_NULL_CONVERSION = YES;
				CLANG_WARN_OBJC_IMPLICIT_RETAIN_SELF = YES;
				CLANG_WARN_OBJC_LITERAL_CONVERSION = YES;
				CLANG_WARN_OBJC_ROOT_CLASS = YES_ERROR;
				CLANG_WARN_QUOTED_INCLUDE_IN_FRAMEWORK_HEADER = YES;
				CLANG_WARN_RANGE_LOOP_ANALYSIS = YES;
				CLANG_WARN_STRICT_PROTOTYPES = YES;
				CLANG_WARN_SUSPICIOUS_MOVE = YES;
				CLANG_WARN_UNGUARDED_AVAILABILITY = YES_AGGRESSIVE;
				CLANG_WARN_UNREACHABLE_CODE = YES;
				CLANG_WARN__DUPLICATE_METHOD_MATCH = YES;
				COPY_PHASE_STRIP = NO;
				DEBUG_INFORMATION_FORMAT = "dwarf-with-dsym";
				ENABLE_NS_ASSERTIONS = NO;
				ENABLE_STRICT_OBJC_MSGSEND = YES;
				ENABLE_USER_SCRIPT_SANDBOXING = YES;
				GCC_C_LANGUAGE_STANDARD = gnu17;
				GCC_NO_COMMON_BLOCKS = YES;
				GCC_WARN_64_TO_32_BIT_CONVERSION = YES;
				GCC_WARN_ABOUT_RETURN_TYPE = YES_ERROR;
				GCC_WARN_UNDECLARED_SELECTOR = YES;
				GCC_WARN_UNINITIALIZED_AUTOS = YES_AGGRESSIVE;
				GCC_WARN_UNUSED_FUNCTION = YES;
				GCC_WARN_UNUSED_VARIABLE = YES;
				LOCALIZATION_PREFERS_STRING_CATALOGS = YES;
				MACOSX_DEPLOYMENT_TARGET = 14.0;
				MTL_ENABLE_DEBUG_INFO = NO;
				MTL_FAST_MATH = YES;
				SDKROOT = macosx;
				SWIFT_COMPILATION_MODE = wholemodule;
				SWIFT_OPTIMIZATION_LEVEL = "-O";
			};
			name = Release;
		};
		FF0000000000000000000003 /* Debug */ = {
			isa = XCBuildConfiguration;
			buildSettings = {
				ASSETCATALOG_COMPILER_APPICON_NAME = AppIcon;
				CODE_SIGN_ENTITLEMENTS = GPXPointViewer/GPXPointViewer.entitlements;
				CODE_SIGN_IDENTITY = "-";
				CODE_SIGN_STYLE = Automatic;
				COMBINE_HIDPI_IMAGES = YES;
				CURRENT_PROJECT_VERSION = 1;
				ENABLE_HARDENED_RUNTIME = YES;
				ENABLE_PREVIEWS = YES;
				GENERATE_INFOPLIST_FILE = YES;
				INFOPLIST_FILE = GPXPointViewer/Info.plist;
				INFOPLIST_KEY_CFBundleDisplayName = "GPX 点位查看器";
				INFOPLIST_KEY_NSHumanReadableCopyright = "";
				LD_RUNPATH_SEARCH_PATHS = (
					"$(inherited)",
					"@executable_path/../Frameworks",
				);
				MARKETING_VERSION = 1.0;
				PRODUCT_BUNDLE_IDENTIFIER = de.wayne.GPXPointViewer;
				PRODUCT_NAME = "$(TARGET_NAME)";
				SWIFT_EMIT_LOC_STRINGS = YES;
				SWIFT_VERSION = 5.0;
			};
			name = Debug;
		};
		FF0000000000000000000004 /* Release */ = {
			isa = XCBuildConfiguration;
			buildSettings = {
				ASSETCATALOG_COMPILER_APPICON_NAME = AppIcon;
				CODE_SIGN_ENTITLEMENTS = GPXPointViewer/GPXPointViewer.entitlements;
				CODE_SIGN_IDENTITY = "-";
				CODE_SIGN_STYLE = Automatic;
				COMBINE_HIDPI_IMAGES = YES;
				CURRENT_PROJECT_VERSION = 1;
				ENABLE_HARDENED_RUNTIME = YES;
				ENABLE_PREVIEWS = YES;
				GENERATE_INFOPLIST_FILE = YES;
				INFOPLIST_FILE = GPXPointViewer/Info.plist;
				INFOPLIST_KEY_CFBundleDisplayName = "GPX 点位查看器";
				INFOPLIST_KEY_NSHumanReadableCopyright = "";
				LD_RUNPATH_SEARCH_PATHS = (
					"$(inherited)",
					"@executable_path/../Frameworks",
				);
				MARKETING_VERSION = 1.0;
				PRODUCT_BUNDLE_IDENTIFIER = de.wayne.GPXPointViewer;
				PRODUCT_NAME = "$(TARGET_NAME)";
				SWIFT_EMIT_LOC_STRINGS = YES;
				SWIFT_VERSION = 5.0;
			};
			name = Release;
		};
		FF0000000000000000000005 /* Debug */ = {
			isa = XCBuildConfiguration;
			buildSettings = {
				CODE_SIGN_ENTITLEMENTS = GPXQuickLook/GPXQuickLook.entitlements;
				CODE_SIGN_IDENTITY = "-";
				CODE_SIGN_STYLE = Automatic;
				CURRENT_PROJECT_VERSION = 1;
				ENABLE_HARDENED_RUNTIME = YES;
				GENERATE_INFOPLIST_FILE = YES;
				INFOPLIST_FILE = GPXQuickLook/Info.plist;
				INFOPLIST_KEY_CFBundleDisplayName = "GPX 预览";
				INFOPLIST_KEY_NSHumanReadableCopyright = "";
				LD_RUNPATH_SEARCH_PATHS = (
					"$(inherited)",
					"@executable_path/../Frameworks",
					"@executable_path/../../../../Frameworks",
				);
				MARKETING_VERSION = 1.0;
				PRODUCT_BUNDLE_IDENTIFIER = de.wayne.GPXPointViewer.GPXQuickLook;
				PRODUCT_NAME = "$(TARGET_NAME)";
				SKIP_INSTALL = YES;
				SWIFT_EMIT_LOC_STRINGS = YES;
				SWIFT_VERSION = 5.0;
			};
			name = Debug;
		};
		FF0000000000000000000006 /* Release */ = {
			isa = XCBuildConfiguration;
			buildSettings = {
				CODE_SIGN_ENTITLEMENTS = GPXQuickLook/GPXQuickLook.entitlements;
				CODE_SIGN_IDENTITY = "-";
				CODE_SIGN_STYLE = Automatic;
				CURRENT_PROJECT_VERSION = 1;
				ENABLE_HARDENED_RUNTIME = YES;
				GENERATE_INFOPLIST_FILE = YES;
				INFOPLIST_FILE = GPXQuickLook/Info.plist;
				INFOPLIST_KEY_CFBundleDisplayName = "GPX 预览";
				INFOPLIST_KEY_NSHumanReadableCopyright = "";
				LD_RUNPATH_SEARCH_PATHS = (
					"$(inherited)",
					"@executable_path/../Frameworks",
					"@executable_path/../../../../Frameworks",
				);
				MARKETING_VERSION = 1.0;
				PRODUCT_BUNDLE_IDENTIFIER = de.wayne.GPXPointViewer.GPXQuickLook;
				PRODUCT_NAME = "$(TARGET_NAME)";
				SKIP_INSTALL = YES;
				SWIFT_EMIT_LOC_STRINGS = YES;
				SWIFT_VERSION = 5.0;
			};
			name = Release;
		};
/* End XCBuildConfiguration section */

/* Begin XCConfigurationList section */
		EE0000000000000000000003 /* Build configuration list for PBXProject "GPXPointViewer" */ = {
			isa = XCConfigurationList;
			buildConfigurations = (
				FF0000000000000000000001 /* Debug */,
				FF0000000000000000000002 /* Release */,
			);
			defaultConfigurationIsVisible = 0;
			defaultConfigurationName = Release;
		};
		EE0000000000000000000004 /* Build configuration list for PBXNativeTarget "GPXPointViewer" */ = {
			isa = XCConfigurationList;
			buildConfigurations = (
				FF0000000000000000000003 /* Debug */,
				FF0000000000000000000004 /* Release */,
			);
			defaultConfigurationIsVisible = 0;
			defaultConfigurationName = Release;
		};
		EE0000000000000000000006 /* Build configuration list for PBXNativeTarget "GPXQuickLook" */ = {
			isa = XCConfigurationList;
			buildConfigurations = (
				FF0000000000000000000005 /* Debug */,
				FF0000000000000000000006 /* Release */,
			);
			defaultConfigurationIsVisible = 0;
			defaultConfigurationName = Release;
		};
/* End XCConfigurationList section */
	};
	rootObject = EE0000000000000000000002 /* Project object */;
}
